# THIS IS AN AUTOGENERATED FILE. DO NOT EDIT THIS FILE DIRECTLY.
# yarn lockfile v1


autonumeric@4.0.3:
  version "4.0.3"
  resolved "https://registry.yarnpkg.com/autonumeric/-/autonumeric-4.0.3.tgz#9c126f236d9d81519e9149e426bc47a013e7cb6e"

babel-polyfill@^6.26.0:
  version "6.26.0"
  resolved "https://registry.yarnpkg.com/babel-polyfill/-/babel-polyfill-6.26.0.tgz#379937abc67d7895970adc621f284cd966cf2153"
  dependencies:
    babel-runtime "^6.26.0"
    core-js "^2.5.0"
    regenerator-runtime "^0.10.5"

babel-runtime@^6.26.0:
  version "6.26.0"
  resolved "https://registry.yarnpkg.com/babel-runtime/-/babel-runtime-6.26.0.tgz#965c7058668e82b55d7bfe04ff2337bc8b5647fe"
  dependencies:
    core-js "^2.4.0"
    regenerator-runtime "^0.11.0"

bootbox@^4.4.0:
  version "4.4.0"
  resolved "https://registry.yarnpkg.com/bootbox/-/bootbox-4.4.0.tgz#ff7f898fb87d4527e547feb64158f88450d1a0c9"

bootstrap-daterangepicker@^2.1.30:
  version "2.1.30"
  resolved "https://registry.yarnpkg.com/bootstrap-daterangepicker/-/bootstrap-daterangepicker-2.1.30.tgz#f893dbfff5a4d7dfaab75460e8ea6969bb89689a"
  dependencies:
    jquery ">=1.10"
    moment "^2.9.0"

bootstrap-sass@^3.3.7:
  version "3.3.7"
  resolved "https://registry.yarnpkg.com/bootstrap-sass/-/bootstrap-sass-3.3.7.tgz#6596c7ab40f6637393323ab0bc80d064fc630498"

bootstrap-select@^1.12.4:
  version "1.12.4"
  resolved "https://registry.yarnpkg.com/bootstrap-select/-/bootstrap-select-1.12.4.tgz#7f15d3c0ce978868d9c09c70f96624f55fa02ee1"
  dependencies:
    jquery ">=1.8"

bootstrap-slider@^10.0.0:
  version "10.0.0"
  resolved "https://registry.yarnpkg.com/bootstrap-slider/-/bootstrap-slider-10.0.0.tgz#d4edd3a10af03197d020e3792d32ea6d37cb3b28"

bootstrap-switch@^3.3.4:
  version "3.3.4"
  resolved "https://registry.yarnpkg.com/bootstrap-switch/-/bootstrap-switch-3.3.4.tgz#70e0aeb2a877c0dc766991de108e2170fc29a2ff"

bootstrap@3:
  version "3.3.7"
  resolved "https://registry.yarnpkg.com/bootstrap/-/bootstrap-3.3.7.tgz#5a389394549f23330875a3b150656574f8a9eb71"

"chainsaw@>=0.0.7 <0.1":
  version "0.0.9"
  resolved "https://registry.yarnpkg.com/chainsaw/-/chainsaw-0.0.9.tgz#11a05102d1c4c785b6d0415d336d5a3a1612913e"
  dependencies:
    traverse ">=0.3.0 <0.4"

chosen-js@^1.8.3:
  version "1.8.3"
  resolved "https://registry.yarnpkg.com/chosen-js/-/chosen-js-1.8.3.tgz#1f953aef905d9760c14b5facc839a5f47eb356ec"

core-js@^2.4.0, core-js@^2.5.0:
  version "2.5.3"
  resolved "https://registry.yarnpkg.com/core-js/-/core-js-2.5.3.tgz#8acc38345824f16d8365b7c9b4259168e8ed603e"

easy-autocomplete@^1.3.5:
  version "1.3.5"
  resolved "https://registry.yarnpkg.com/easy-autocomplete/-/easy-autocomplete-1.3.5.tgz#2a2d2df699f13ddc48661c9375b9437acf1a0a9c"
  dependencies:
    jquery "*"

emitter-component@^1.1.1:
  version "1.1.1"
  resolved "https://registry.yarnpkg.com/emitter-component/-/emitter-component-1.1.1.tgz#065e2dbed6959bf470679edabeaf7981d1003ab6"

es5-shim@~4.5.8:
  version "4.5.10"
  resolved "https://registry.yarnpkg.com/es5-shim/-/es5-shim-4.5.10.tgz#b7e17ef4df2a145b821f1497b50c25cf94026205"

es6-shim@^0.35.3, es6-shim@~0.35.0:
  version "0.35.3"
  resolved "https://registry.yarnpkg.com/es6-shim/-/es6-shim-0.35.3.tgz#9bfb7363feffff87a6cdb6cd93e405ec3c4b6f26"

fg-loadcss@^2.0.1:
  version "2.0.1"
  resolved "https://registry.yarnpkg.com/fg-loadcss/-/fg-loadcss-2.0.1.tgz#71c00e470a57f7739d0736124dfc8791995e8af1"

git@^0.1.5:
  version "0.1.5"
  resolved "https://registry.yarnpkg.com/git/-/git-0.1.5.tgz#9ef62df93f851c27542143bf52d1c68b1017ca15"
  dependencies:
    mime "1.2.9"

hammerjs@^2.0.6, hammerjs@^2.0.8:
  version "2.0.8"
  resolved "https://registry.yarnpkg.com/hammerjs/-/hammerjs-2.0.8.tgz#04ef77862cff2bb79d30f7692095930222bf60f1"

"hashish@>=0.0.2 <0.1":
  version "0.0.4"
  resolved "https://registry.yarnpkg.com/hashish/-/hashish-0.0.4.tgz#6d60bc6ffaf711b6afd60e426d077988014e6554"
  dependencies:
    traverse ">=0.2.4"

jQuery@latest:
  version "1.7.4"
  resolved "https://registry.yarnpkg.com/jQuery/-/jQuery-1.7.4.tgz#f32dc5c85a7044ee864b4443b9ee45f9478ba137"

"jcrop@https://github.com/kh3dr0n/Jcrop":
  version "0.9.12"
  resolved "https://github.com/kh3dr0n/Jcrop#27abf4450451ed513e180c4681f8a31e9f508834"

jquery-bar-rating@^1.2.2:
  version "1.2.2"
  resolved "https://registry.yarnpkg.com/jquery-bar-rating/-/jquery-bar-rating-1.2.2.tgz#9594d662cff9deb0fe7b372511bb2492a436f392"
  dependencies:
    jquery ">=1.7.2"

jquery-color@^1.0.0:
  version "1.0.0"
  resolved "https://registry.yarnpkg.com/jquery-color/-/jquery-color-1.0.0.tgz#003aba988a6f2d21d963d1f2eeeb6cdbc80471f1"
  dependencies:
    jQuery latest

jquery-sortable@^0.9.13:
  version "0.9.13"
  resolved "https://registry.yarnpkg.com/jquery-sortable/-/jquery-sortable-0.9.13.tgz#1cbfb655013a0747370571f06e22f524a00ffba2"
  dependencies:
    jquery "^2.1.2"

jquery@*, jquery@>=1.10, jquery@>=1.7.2, jquery@>=1.8, jquery@^3.3.1:
  version "3.3.1"
  resolved "https://registry.yarnpkg.com/jquery/-/jquery-3.3.1.tgz#958ce29e81c9790f31be7792df5d4d95fc57fbca"

jquery@^2.1.2:
  version "2.2.4"
  resolved "https://registry.yarnpkg.com/jquery/-/jquery-2.2.4.tgz#2c89d6889b5eac522a7eea32c14521559c6cbf02"

jqueryui@^1.11.1:
  version "1.11.1"
  resolved "https://registry.yarnpkg.com/jqueryui/-/jqueryui-1.11.1.tgz#8718550705f5568d1199196169094db73b2291bc"

js-marker-clusterer@^1.0.0:
  version "1.0.0"
  resolved "https://registry.yarnpkg.com/js-marker-clusterer/-/js-marker-clusterer-1.0.0.tgz#c94be85ae8896819e51c131f891dd2b55558dd17"

karma-es6-shim@^1.0.0:
  version "1.0.0"
  resolved "https://registry.yarnpkg.com/karma-es6-shim/-/karma-es6-shim-1.0.0.tgz#aaeb530862bcf79340ebd588f4f9e57de842b479"
  dependencies:
    es5-shim "~4.5.8"
    es6-shim "~0.35.0"

keycharm@^0.2.0:
  version "0.2.0"
  resolved "https://registry.yarnpkg.com/keycharm/-/keycharm-0.2.0.tgz#fa6ea2e43b90a68028843d27f2075d35a8c3e6f9"

mime@1.2.9:
  version "1.2.9"
  resolved "https://registry.yarnpkg.com/mime/-/mime-1.2.9.tgz#009cd40867bd35de521b3b966f04e2f8d4d13d09"

moment@^2.18.1:
  version "2.22.2"
  resolved "https://registry.yarnpkg.com/moment/-/moment-2.22.2.tgz#3c257f9839fc0e93ff53149632239eb90783ff66"

moment@^2.21.0, moment@^2.9.0:
  version "2.21.0"
  resolved "https://registry.yarnpkg.com/moment/-/moment-2.21.0.tgz#2a114b51d2a6ec9e6d83cf803f838a878d8a023a"

nprogress@^0.2.0:
  version "0.2.0"
  resolved "https://registry.yarnpkg.com/nprogress/-/nprogress-0.2.0.tgz#cb8f34c53213d895723fcbab907e9422adbcafb1"

progressbar.js@^1.0.1:
  version "1.0.1"
  resolved "https://registry.yarnpkg.com/progressbar.js/-/progressbar.js-1.0.1.tgz#f7fbfc195240fe0bb32f6f7bdb2e7ff400ea71f9"
  dependencies:
    shifty "^1.5.2"

propagating-hammerjs@^1.4.6:
  version "1.4.6"
  resolved "https://registry.yarnpkg.com/propagating-hammerjs/-/propagating-hammerjs-1.4.6.tgz#fed00e9b00767ffd42d14f5b531bc493eb672e37"
  dependencies:
    hammerjs "^2.0.6"

regenerator-runtime@^0.10.5:
  version "0.10.5"
  resolved "https://registry.yarnpkg.com/regenerator-runtime/-/regenerator-runtime-0.10.5.tgz#336c3efc1220adcedda2c9fab67b5a7955a33658"

regenerator-runtime@^0.11.0:
  version "0.11.1"
  resolved "https://registry.yarnpkg.com/regenerator-runtime/-/regenerator-runtime-0.11.1.tgz#be05ad7f9bf7d22e056f9726cee5017fbf19e2e9"

remove@^0.1.5:
  version "0.1.5"
  resolved "https://registry.yarnpkg.com/remove/-/remove-0.1.5.tgz#095ffd827d65c9f41ad97d33e416a75811079955"
  dependencies:
    seq ">= 0.3.5"

"seq@>= 0.3.5":
  version "0.3.5"
  resolved "https://registry.yarnpkg.com/seq/-/seq-0.3.5.tgz#ae02af3a424793d8ccbf212d69174e0c54dffe38"
  dependencies:
    chainsaw ">=0.0.7 <0.1"
    hashish ">=0.0.2 <0.1"

shifty@^1.5.2:
  version "1.5.4"
  resolved "https://registry.yarnpkg.com/shifty/-/shifty-1.5.4.tgz#d4362fc914dd280ddf6e522be408b21203208346"

spectrum-colorpicker@^1.8.0:
  version "1.8.0"
  resolved "https://registry.yarnpkg.com/spectrum-colorpicker/-/spectrum-colorpicker-1.8.0.tgz#b926cf5002c0a77860b5f8351e1c093c65200107"

timeme.js@^2.0.3:
  version "2.0.3"
  resolved "https://registry.yarnpkg.com/timeme.js/-/timeme.js-2.0.3.tgz#a2b9fc2d1692d5fccc8fa035a47b6ac64bf90007"

traverse@>=0.2.4, "traverse@>=0.3.0 <0.4":
  version "0.3.9"
  resolved "https://registry.yarnpkg.com/traverse/-/traverse-0.3.9.tgz#717b8f220cc0bb7b44e40514c22b2e8bbc70d8b9"

vis@^4.21.0:
  version "4.21.0"
  resolved "https://registry.yarnpkg.com/vis/-/vis-4.21.0.tgz#dd71638bff7f6495d00bc9f40c253526133ded6b"
  dependencies:
    emitter-component "^1.1.1"
    hammerjs "^2.0.8"
    keycharm "^0.2.0"
    moment "^2.18.1"
    propagating-hammerjs "^1.4.6"
